// !$*UTF8*$!
{
	archiveVersion = 1;
	classes = {
	};
	objectVersion = 56;
	objects = {

/* Begin PBXBuildFile section */
		AAAE8020294793AB0099DABC /* ScrumdingerApp.swift in Sources */ = {isa = PBXBuildFile; fileRef = AAAE801F294793AB0099DABC /* ScrumdingerApp.swift */; };
		AAAE8022294793AB0099DABC /* MeetingView.swift in Sources */ = {isa = PBXBuildFile; fileRef = AAAE8021294793AB0099DABC /* MeetingView.swift */; };
		AAAE8024294793AB0099DABC /* Assets.xcassets in Resources */ = {isa = PBXBuildFile; fileRef = AAAE8023294793AB0099DABC /* Assets.xcassets */; };
		AAAE8027294793AB0099DABC /* Preview Assets.xcassets in Resources */ = {isa = PBXBuildFile; fileRef = AAAE8026294793AB0099DABC /* Preview Assets.xcassets */; };
		EE08B7B42ACDF2C400F3E7E2 /* DetailEditView.swift in Sources */ = {isa = PBXBuildFile; fileRef = EE08B7B32ACDF2C400F3E7E2 /* DetailEditView.swift */; };
		EE08B7B62ACE9FF600F3E7E2 /* ThemeView.swift in Sources */ = {isa = PBXBuildFile; fileRef = EE08B7B52ACE9FF600F3E7E2 /* ThemeView.swift */; };
		EE08B7B82ACEA33000F3E7E2 /* ThemePicker.swift in Sources */ = {isa = PBXBuildFile; fileRef = EE08B7B72ACEA33000F3E7E2 /* ThemePicker.swift */; };
		EE08B7BA2ACF059C00F3E7E2 /* MeetingHeaderView.swift in Sources */ = {isa = PBXBuildFile; fileRef = EE08B7B92ACF059C00F3E7E2 /* MeetingHeaderView.swift */; };
		EE08B7BC2ACF0BEC00F3E7E2 /* ScrumProgressViewStyle.swift in Sources */ = {isa = PBXBuildFile; fileRef = EE08B7BB2ACF0BEC00F3E7E2 /* ScrumProgressViewStyle.swift */; };
		EE08B7BE2ACF0F9900F3E7E2 /* ScrumTimer.swift in Sources */ = {isa = PBXBuildFile; fileRef = EE08B7BD2ACF0F9900F3E7E2 /* ScrumTimer.swift */; };
		EE08B7C02ACF16C100F3E7E2 /* MeetingFooterView.swift in Sources */ = {isa = PBXBuildFile; fileRef = EE08B7BF2ACF16C100F3E7E2 /* MeetingFooterView.swift */; };
		EE08B7C52AD022C200F3E7E2 /* AVPlayer+Ding.swift in Sources */ = {isa = PBXBuildFile; fileRef = EE08B7C42AD022C200F3E7E2 /* AVPlayer+Ding.swift */; };
		EE08B7C82AD022D500F3E7E2 /* ding.wav in Resources */ = {isa = PBXBuildFile; fileRef = EE08B7C72AD022D500F3E7E2 /* ding.wav */; };
		EE08B7CA2AD026D500F3E7E2 /* NewScrumSheet.swift in Sources */ = {isa = PBXBuildFile; fileRef = EE08B7C92AD026D500F3E7E2 /* NewScrumSheet.swift */; };
		EE08B7CC2AD029E200F3E7E2 /* History.swift in Sources */ = {isa = PBXBuildFile; fileRef = EE08B7CB2AD029E200F3E7E2 /* History.swift */; };
		EE08B7CE2AD032CD00F3E7E2 /* ScrumStore.swift in Sources */ = {isa = PBXBuildFile; fileRef = EE08B7CD2AD032CD00F3E7E2 /* ScrumStore.swift */; };
		EE2C5A752AD6CAAB0039DB07 /* MeetingTimerView.swift in Sources */ = {isa = PBXBuildFile; fileRef = EE2C5A742AD6CAAB0039DB07 /* MeetingTimerView.swift */; };
		EE2C5A772AD6CEA90039DB07 /* SpeakerArc.swift in Sources */ = {isa = PBXBuildFile; fileRef = EE2C5A762AD6CEA90039DB07 /* SpeakerArc.swift */; };
		EED62EF22ACB2CEA00C3262B /* Theme.swift in Sources */ = {isa = PBXBuildFile; fileRef = EED62EF12ACB2CEA00C3262B /* Theme.swift */; };
		EED62EF42ACB2E6800C3262B /* DailyScrum.swift in Sources */ = {isa = PBXBuildFile; fileRef = EED62EF32ACB2E6800C3262B /* DailyScrum.swift */; };
		EED62EF62ACB302E00C3262B /* CardView.swift in Sources */ = {isa = PBXBuildFile; fileRef = EED62EF52ACB302E00C3262B /* CardView.swift */; };
		EED62EF82ACBFBFD00C3262B /* TrailingIconLabelStyle.swift in Sources */ = {isa = PBXBuildFile; fileRef = EED62EF72ACBFBFD00C3262B /* TrailingIconLabelStyle.swift */; };
		EED62EFA2ACC334500C3262B /* ScrumsView.swift in Sources */ = {isa = PBXBuildFile; fileRef = EED62EF92ACC334500C3262B /* ScrumsView.swift */; };
		EED62EFC2ACDDACF00C3262B /* DetailView.swift in Sources */ = {isa = PBXBuildFile; fileRef = EED62EFB2ACDDACF00C3262B /* DetailView.swift */; };
		EED6610C2AD57F2600F9EA01 /* ErrorWrapper.swift in Sources */ = {isa = PBXBuildFile; fileRef = EED6610B2AD57F2600F9EA01 /* ErrorWrapper.swift */; };
		EED6610E2AD57F8D00F9EA01 /* ErrorView.swift in Sources */ = {isa = PBXBuildFile; fileRef = EED6610D2AD57F8D00F9EA01 /* ErrorView.swift */; };
/* End PBXBuildFile section */

/* Begin PBXFileReference section */
		AAAE801C294793AB0099DABC /* Scrumdinger.app */ = {isa = PBXFileReference; explicitFileType = wrapper.application; includeInIndex = 0; path = Scrumdinger.app; sourceTree = BUILT_PRODUCTS_DIR; };
		AAAE801F294793AB0099DABC /* ScrumdingerApp.swift */ = {isa = PBXFileReference; lastKnownFileType = sourcecode.swift; path = ScrumdingerApp.swift; sourceTree = "<group>"; };
		AAAE8021294793AB0099DABC /* MeetingView.swift */ = {isa = PBXFileReference; lastKnownFileType = sourcecode.swift; path = MeetingView.swift; sourceTree = "<group>"; };
		AAAE8023294793AB0099DABC /* Assets.xcassets */ = {isa = PBXFileReference; lastKnownFileType = folder.assetcatalog; path = Assets.xcassets; sourceTree = "<group>"; };
		AAAE8026294793AB0099DABC /* Preview Assets.xcassets */ = {isa = PBXFileReference; lastKnownFileType = folder.assetcatalog; path = "Preview Assets.xcassets"; sourceTree = "<group>"; };
		AAAE802D2947945C0099DABC /* README.md */ = {isa = PBXFileReference; lastKnownFileType = net.daringfireball.markdown; path = README.md; sourceTree = "<group>"; };
		AAAE802E2947949E0099DABC /* LICENSE */ = {isa = PBXFileReference; lastKnownFileType = folder; path = LICENSE; sourceTree = "<group>"; };
		AAAE8030294795050099DABC /* SampleCode.xcconfig */ = {isa = PBXFileReference; fileEncoding = 4; lastKnownFileType = text.xcconfig; path = SampleCode.xcconfig; sourceTree = "<group>"; };
		EE08B7B32ACDF2C400F3E7E2 /* DetailEditView.swift */ = {isa = PBXFileReference; lastKnownFileType = sourcecode.swift; path = DetailEditView.swift; sourceTree = "<group>"; };
		EE08B7B52ACE9FF600F3E7E2 /* ThemeView.swift */ = {isa = PBXFileReference; lastKnownFileType = sourcecode.swift; path = ThemeView.swift; sourceTree = "<group>"; };
		EE08B7B72ACEA33000F3E7E2 /* ThemePicker.swift */ = {isa = PBXFileReference; lastKnownFileType = sourcecode.swift; path = ThemePicker.swift; sourceTree = "<group>"; };
		EE08B7B92ACF059C00F3E7E2 /* MeetingHeaderView.swift */ = {isa = PBXFileReference; lastKnownFileType = sourcecode.swift; path = MeetingHeaderView.swift; sourceTree = "<group>"; };
		EE08B7BB2ACF0BEC00F3E7E2 /* ScrumProgressViewStyle.swift */ = {isa = PBXFileReference; fileEncoding = 4; lastKnownFileType = sourcecode.swift; path = ScrumProgressViewStyle.swift; sourceTree = "<group>"; };
		EE08B7BD2ACF0F9900F3E7E2 /* ScrumTimer.swift */ = {isa = PBXFileReference; fileEncoding = 4; lastKnownFileType = sourcecode.swift; path = ScrumTimer.swift; sourceTree = "<group>"; };
		EE08B7BF2ACF16C100F3E7E2 /* MeetingFooterView.swift */ = {isa = PBXFileReference; lastKnownFileType = sourcecode.swift; path = MeetingFooterView.swift; sourceTree = "<group>"; };
		EE08B7C42AD022C200F3E7E2 /* AVPlayer+Ding.swift */ = {isa = PBXFileReference; fileEncoding = 4; lastKnownFileType = sourcecode.swift; path = "AVPlayer+Ding.swift"; sourceTree = "<group>"; };
		EE08B7C72AD022D500F3E7E2 /* ding.wav */ = {isa = PBXFileReference; lastKnownFileType = audio.wav; path = ding.wav; sourceTree = "<group>"; };
		EE08B7C92AD026D500F3E7E2 /* NewScrumSheet.swift */ = {isa = PBXFileReference; lastKnownFileType = sourcecode.swift; path = NewScrumSheet.swift; sourceTree = "<group>"; };
		EE08B7CB2AD029E200F3E7E2 /* History.swift */ = {isa = PBXFileReference; lastKnownFileType = sourcecode.swift; path = History.swift; sourceTree = "<group>"; };
		EE08B7CD2AD032CD00F3E7E2 /* ScrumStore.swift */ = {isa = PBXFileReference; lastKnownFileType = sourcecode.swift; path = ScrumStore.swift; sourceTree = "<group>"; };
		EE2C5A742AD6CAAB0039DB07 /* MeetingTimerView.swift */ = {isa = PBXFileReference; lastKnownFileType = sourcecode.swift; path = MeetingTimerView.swift; sourceTree = "<group>"; };
		EE2C5A762AD6CEA90039DB07 /* SpeakerArc.swift */ = {isa = PBXFileReference; lastKnownFileType = sourcecode.swift; path = SpeakerArc.swift; sourceTree = "<group>"; };
		EEADB56B2AD594D100250DC6 /* Scrumdinger.entitlements */ = {isa = PBXFileReference; lastKnownFileType = text.plist.entitlements; path = Scrumdinger.entitlements; sourceTree = "<group>"; };
		EED62EF12ACB2CEA00C3262B /* Theme.swift */ = {isa = PBXFileReference; lastKnownFileType = sourcecode.swift; path = Theme.swift; sourceTree = "<group>"; };
		EED62EF32ACB2E6800C3262B /* DailyScrum.swift */ = {isa = PBXFileReference; lastKnownFileType = sourcecode.swift; path = DailyScrum.swift; sourceTree = "<group>"; };
		EED62EF52ACB302E00C3262B /* CardView.swift */ = {isa = PBXFileReference; lastKnownFileType = sourcecode.swift; path = CardView.swift; sourceTree = "<group>"; };
		EED62EF72ACBFBFD00C3262B /* TrailingIconLabelStyle.swift */ = {isa = PBXFileReference; lastKnownFileType = sourcecode.swift; path = TrailingIconLabelStyle.swift; sourceTree = "<group>"; };
		EED62EF92ACC334500C3262B /* ScrumsView.swift */ = {isa = PBXFileReference; lastKnownFileType = sourcecode.swift; path = ScrumsView.swift; sourceTree = "<group>"; };
		EED62EFB2ACDDACF00C3262B /* DetailView.swift */ = {isa = PBXFileReference; lastKnownFileType = sourcecode.swift; path = DetailView.swift; sourceTree = "<group>"; };
		EED6610B2AD57F2600F9EA01 /* ErrorWrapper.swift */ = {isa = PBXFileReference; lastKnownFileType = sourcecode.swift; path = ErrorWrapper.swift; sourceTree = "<group>"; };
		EED6610D2AD57F8D00F9EA01 /* ErrorView.swift */ = {isa = PBXFileReference; lastKnownFileType = sourcecode.swift; path = ErrorView.swift; sourceTree = "<group>"; };
/* End PBXFileReference section */

/* Begin PBXFrameworksBuildPhase section */
		AAAE8019294793AB0099DABC /* Frameworks */ = {
			isa = PBXFrameworksBuildPhase;
			buildActionMask = 2147483647;
			files = (
			);
			runOnlyForDeploymentPostprocessing = 0;
		};
/* End PBXFrameworksBuildPhase section */

/* Begin PBXGroup section */
		AAAE8013294793AB0099DABC = {
			isa = PBXGroup;
			children = (
				EEADB56B2AD594D100250DC6 /* Scrumdinger.entitlements */,
				AAAE802D2947945C0099DABC /* README.md */,
				AAAE801E294793AB0099DABC /* Scrumdinger */,
				AAAE802F294794D40099DABC /* Configuration */,
				AAAE802E2947949E0099DABC /* LICENSE */,
				AAAE801D294793AB0099DABC /* Products */,
			);
			sourceTree = "<group>";
		};
		AAAE801D294793AB0099DABC /* Products */ = {
			isa = PBXGroup;
			children = (
				AAAE801C294793AB0099DABC /* Scrumdinger.app */,
			);
			name = Products;
			sourceTree = "<group>";
		};
		AAAE801E294793AB0099DABC /* Scrumdinger */ = {
			isa = PBXGroup;
			children = (
				EED62EF02ACB2CCE00C3262B /* Models */,
				EE08B7C32ACF3E5F00F3E7E2 /* Views */,
				AAAE801F294793AB0099DABC /* ScrumdingerApp.swift */,
				AAAE8023294793AB0099DABC /* Assets.xcassets */,
				EE08B7C62AD022D500F3E7E2 /* Resources */,
				AAAE8025294793AB0099DABC /* Preview Content */,
			);
			path = Scrumdinger;
			sourceTree = "<group>";
		};
		AAAE8025294793AB0099DABC /* Preview Content */ = {
			isa = PBXGroup;
			children = (
				AAAE8026294793AB0099DABC /* Preview Assets.xcassets */,
			);
			path = "Preview Content";
			sourceTree = "<group>";
		};
		AAAE802F294794D40099DABC /* Configuration */ = {
			isa = PBXGroup;
			children = (
				AAAE8030294795050099DABC /* SampleCode.xcconfig */,
			);
			path = Configuration;
			sourceTree = "<group>";
		};
		EE08B7C32ACF3E5F00F3E7E2 /* Views */ = {
			isa = PBXGroup;
			children = (
				EED62EF52ACB302E00C3262B /* CardView.swift */,
				EE08B7B32ACDF2C400F3E7E2 /* DetailEditView.swift */,
				EED62EFB2ACDDACF00C3262B /* DetailView.swift */,
				EE08B7BF2ACF16C100F3E7E2 /* MeetingFooterView.swift */,
				EE08B7B92ACF059C00F3E7E2 /* MeetingHeaderView.swift */,
				AAAE8021294793AB0099DABC /* MeetingView.swift */,
				EE08B7BB2ACF0BEC00F3E7E2 /* ScrumProgressViewStyle.swift */,
				EED62EF92ACC334500C3262B /* ScrumsView.swift */,
				EE08B7B72ACEA33000F3E7E2 /* ThemePicker.swift */,
				EE08B7B52ACE9FF600F3E7E2 /* ThemeView.swift */,
				EED62EF72ACBFBFD00C3262B /* TrailingIconLabelStyle.swift */,
				EE08B7C92AD026D500F3E7E2 /* NewScrumSheet.swift */,
				EED6610D2AD57F8D00F9EA01 /* ErrorView.swift */,
				EE2C5A742AD6CAAB0039DB07 /* MeetingTimerView.swift */,
				EE2C5A762AD6CEA90039DB07 /* SpeakerArc.swift */,
			);
			path = Views;
			sourceTree = "<group>";
		};
		EE08B7C62AD022D500F3E7E2 /* Resources */ = {
			isa = PBXGroup;
			children = (
				EE08B7C72AD022D500F3E7E2 /* ding.wav */,
			);
			path = Resources;
			sourceTree = "<group>";
		};
		EED62EF02ACB2CCE00C3262B /* Models */ = {
			isa = PBXGroup;
			children = (
				EE08B7C42AD022C200F3E7E2 /* AVPlayer+Ding.swift */,
				EED62EF32ACB2E6800C3262B /* DailyScrum.swift */,
				EE08B7BD2ACF0F9900F3E7E2 /* ScrumTimer.swift */,
				EED62EF12ACB2CEA00C3262B /* Theme.swift */,
				EE08B7CB2AD029E200F3E7E2 /* History.swift */,
				EE08B7CD2AD032CD00F3E7E2 /* ScrumStore.swift */,
				EED6610B2AD57F2600F9EA01 /* ErrorWrapper.swift */,
			);
			path = Models;
			sourceTree = "<group>";
		};
/* End PBXGroup section */

/* Begin PBXNativeTarget section */
		AAAE801B294793AB0099DABC /* Scrumdinger */ = {
			isa = PBXNativeTarget;
			buildConfigurationList = AAAE802A294793AB0099DABC /* Build configuration list for PBXNativeTarget "Scrumdinger" */;
			buildPhases = (
				AAAE8018294793AB0099DABC /* Sources */,
				AAAE8019294793AB0099DABC /* Frameworks */,
				AAAE801A294793AB0099DABC /* Resources */,
			);
			buildRules = (
			);
			dependencies = (
			);
			name = Scrumdinger;
			productName = Scrumdinger;
			productReference = AAAE801C294793AB0099DABC /* Scrumdinger.app */;
			productType = "com.apple.product-type.application";
		};
/* End PBXNativeTarget section */

/* Begin PBXProject section */
		AAAE8014294793AB0099DABC /* Project object */ = {
			isa = PBXProject;
			attributes = {
				BuildIndependentTargetsInParallel = 1;
				LastSwiftUpdateCheck = 1410;
				LastUpgradeCheck = 1500;
				TargetAttributes = {
					AAAE801B294793AB0099DABC = {
						CreatedOnToolsVersion = 14.1;
					};
				};
			};
			buildConfigurationList = AAAE8017294793AB0099DABC /* Build configuration list for PBXProject "Scrumdinger" */;
			compatibilityVersion = "Xcode 14.0";
			developmentRegion = en;
			hasScannedForEncodings = 0;
			knownRegions = (
				en,
				Base,
			);
			mainGroup = AAAE8013294793AB0099DABC;
			productRefGroup = AAAE801D294793AB0099DABC /* Products */;
			projectDirPath = "";
			projectRoot = "";
			targets = (
				AAAE801B294793AB0099DABC /* Scrumdinger */,
			);
		};
/* End PBXProject section */

/* Begin PBXResourcesBuildPhase section */
		AAAE801A294793AB0099DABC /* Resources */ = {
			isa = PBXResourcesBuildPhase;
			buildActionMask = 2147483647;
			files = (
				EE08B7C82AD022D500F3E7E2 /* ding.wav in Resources */,
				AAAE8027294793AB0099DABC /* Preview Assets.xcassets in Resources */,
				AAAE8024294793AB0099DABC /* Assets.xcassets in Resources */,
			);
			runOnlyForDeploymentPostprocessing = 0;
		};
/* End PBXResourcesBuildPhase section */

/* Begin PBXSourcesBuildPhase section */
		AAAE8018294793AB0099DABC /* Sources */ = {
			isa = PBXSourcesBuildPhase;
			buildActionMask = 2147483647;
			files = (
				EE08B7CC2AD029E200F3E7E2 /* History.swift in Sources */,
				EE08B7B82ACEA33000F3E7E2 /* ThemePicker.swift in Sources */,
				EE08B7BC2ACF0BEC00F3E7E2 /* ScrumProgressViewStyle.swift in Sources */,
				EE08B7C02ACF16C100F3E7E2 /* MeetingFooterView.swift in Sources */,
				EE2C5A772AD6CEA90039DB07 /* SpeakerArc.swift in Sources */,
				EED6610E2AD57F8D00F9EA01 /* ErrorView.swift in Sources */,
				EE08B7BE2ACF0F9900F3E7E2 /* ScrumTimer.swift in Sources */,
				EE2C5A752AD6CAAB0039DB07 /* MeetingTimerView.swift in Sources */,
				EED62EF42ACB2E6800C3262B /* DailyScrum.swift in Sources */,
				EE08B7CE2AD032CD00F3E7E2 /* ScrumStore.swift in Sources */,
				EED62EFC2ACDDACF00C3262B /* DetailView.swift in Sources */,
				EED6610C2AD57F2600F9EA01 /* ErrorWrapper.swift in Sources */,
				EE08B7BA2ACF059C00F3E7E2 /* MeetingHeaderView.swift in Sources */,
				EE08B7B42ACDF2C400F3E7E2 /* DetailEditView.swift in Sources */,
				EE08B7CA2AD026D500F3E7E2 /* NewScrumSheet.swift in Sources */,
				EED62EF82ACBFBFD00C3262B /* TrailingIconLabelStyle.swift in Sources */,
				EED62EF22ACB2CEA00C3262B /* Theme.swift in Sources */,
				EED62EFA2ACC334500C3262B /* ScrumsView.swift in Sources */,
				AAAE8022294793AB0099DABC /* MeetingView.swift in Sources */,
				AAAE8020294793AB0099DABC /* ScrumdingerApp.swift in Sources */,
				EE08B7B62ACE9FF600F3E7E2 /* ThemeView.swift in Sources */,
				EED62EF62ACB302E00C3262B /* CardView.swift in Sources */,
				EE08B7C52AD022C200F3E7E2 /* AVPlayer+Ding.swift in Sources */,
			);
			runOnlyForDeploymentPostprocessing = 0;
		};
/* End PBXSourcesBuildPhase section */

/* Begin XCBuildConfiguration section */
		AAAE8028294793AB0099DABC /* Debug */ = {
			isa = XCBuildConfiguration;
			baseConfigurationReference = AAAE8030294795050099DABC /* SampleCode.xcconfig */;
			buildSettings = {
				ALWAYS_SEARCH_USER_PATHS = NO;
				CLANG_ANALYZER_NONNULL = YES;
				CLANG_ANALYZER_NUMBER_OBJECT_CONVERSION = YES_AGGRESSIVE;
				CLANG_CXX_LANGUAGE_STANDARD = "gnu++20";
				CLANG_ENABLE_MODULES = YES;
				CLANG_ENABLE_OBJC_ARC = YES;
				CLANG_ENABLE_OBJC_WEAK = YES;
				CLANG_WARN_BLOCK_CAPTURE_AUTORELEASING = YES;
				CLANG_WARN_BOOL_CONVERSION = YES;
				CLANG_WARN_COMMA = YES;
				CLANG_WARN_CONSTANT_CONVERSION = YES;
				CLANG_WARN_DEPRECATED_OBJC_IMPLEMENTATIONS = YES;
				CLANG_WARN_DIRECT_OBJC_ISA_USAGE = YES_ERROR;
				CLANG_WARN_DOCUMENTATION_COMMENTS = YES;
				CLANG_WARN_EMPTY_BODY = YES;
				CLANG_WARN_ENUM_CONVERSION = YES;
				CLANG_WARN_INFINITE_RECURSION = YES;
				CLANG_WARN_INT_CONVERSION = YES;
				CLANG_WARN_NON_LITERAL_NULL_CONVERSION = YES;
				CLANG_WARN_OBJC_IMPLICIT_RETAIN_SELF = YES;
				CLANG_WARN_OBJC_LITERAL_CONVERSION = YES;
				CLANG_WARN_OBJC_ROOT_CLASS = YES_ERROR;
				CLANG_WARN_QUOTED_INCLUDE_IN_FRAMEWORK_HEADER = YES;
				CLANG_WARN_RANGE_LOOP_ANALYSIS = YES;
				CLANG_WARN_STRICT_PROTOTYPES = YES;
				CLANG_WARN_SUSPICIOUS_MOVE = YES;
				CLANG_WARN_UNGUARDED_AVAILABILITY = YES_AGGRESSIVE;
				CLANG_WARN_UNREACHABLE_CODE = YES;
				CLANG_WARN__DUPLICATE_METHOD_MATCH = YES;
				CODE_SIGN_IDENTITY = "Apple Development: baytimurogulcan@gmail.com (WM995FVZ2L)";
				CODE_SIGN_STYLE = Manual;
				COPY_PHASE_STRIP = NO;
				DEBUG_INFORMATION_FORMAT = dwarf;
				DEVELOPMENT_TEAM = S5ZBBP3832;
				ENABLE_APP_SANDBOX = YES;
				ENABLE_STRICT_OBJC_MSGSEND = YES;
				ENABLE_TESTABILITY = YES;
				ENABLE_USER_SCRIPT_SANDBOXING = YES;
				GCC_C_LANGUAGE_STANDARD = gnu11;
				GCC_DYNAMIC_NO_PIC = NO;
				GCC_NO_COMMON_BLOCKS = YES;
				GCC_OPTIMIZATION_LEVEL = 0;
				GCC_PREPROCESSOR_DEFINITIONS = (
					"DEBUG=1",
					"$(inherited)",
				);
				GCC_WARN_64_TO_32_BIT_CONVERSION = YES;
				GCC_WARN_ABOUT_RETURN_TYPE = YES_ERROR;
				GCC_WARN_UNDECLARED_SELECTOR = YES;
				GCC_WARN_UNINITIALIZED_AUTOS = YES_AGGRESSIVE;
				GCC_WARN_UNUSED_FUNCTION = YES;
				GCC_WARN_UNUSED_VARIABLE = YES;
				IPHONEOS_DEPLOYMENT_TARGET = 16.1;
				MTL_ENABLE_DEBUG_INFO = INCLUDE_SOURCE;
				MTL_FAST_MATH = YES;
				ONLY_ACTIVE_ARCH = YES;
				SDKROOT = iphoneos;
				SWIFT_ACTIVE_COMPILATION_CONDITIONS = DEBUG;
				SWIFT_OPTIMIZATION_LEVEL = "-Onone";
			};
			name = Debug;
		};
		AAAE8029294793AB0099DABC /* Release */ = {
			isa = XCBuildConfiguration;
			baseConfigurationReference = AAAE8030294795050099DABC /* SampleCode.xcconfig */;
			buildSettings = {
				ALWAYS_SEARCH_USER_PATHS = NO;
				CLANG_ANALYZER_NONNULL = YES;
				CLANG_ANALYZER_NUMBER_OBJECT_CONVERSION = YES_AGGRESSIVE;
				CLANG_CXX_LANGUAGE_STANDARD = "gnu++20";
				CLANG_ENABLE_MODULES = YES;
				CLANG_ENABLE_OBJC_ARC = YES;
				CLANG_ENABLE_OBJC_WEAK = YES;
				CLANG_WARN_BLOCK_CAPTURE_AUTORELEASING = YES;
				CLANG_WARN_BOOL_CONVERSION = YES;
				CLANG_WARN_COMMA = YES;
				CLANG_WARN_CONSTANT_CONVERSION = YES;
				CLANG_WARN_DEPRECATED_OBJC_IMPLEMENTATIONS = YES;
				CLANG_WARN_DIRECT_OBJC_ISA_USAGE = YES_ERROR;
				CLANG_WARN_DOCUMENTATION_COMMENTS = YES;
				CLANG_WARN_EMPTY_BODY = YES;
				CLANG_WARN_ENUM_CONVERSION = YES;
				CLANG_WARN_INFINITE_RECURSION = YES;
				CLANG_WARN_INT_CONVERSION = YES;
				CLANG_WARN_NON_LITERAL_NULL_CONVERSION = YES;
				CLANG_WARN_OBJC_IMPLICIT_RETAIN_SELF = YES;
				CLANG_WARN_OBJC_LITERAL_CONVERSION = YES;
				CLANG_WARN_OBJC_ROOT_CLASS = YES_ERROR;
				CLANG_WARN_QUOTED_INCLUDE_IN_FRAMEWORK_HEADER = YES;
				CLANG_WARN_RANGE_LOOP_ANALYSIS = YES;
				CLANG_WARN_STRICT_PROTOTYPES = YES;
				CLANG_WARN_SUSPICIOUS_MOVE = YES;
				CLANG_WARN_UNGUARDED_AVAILABILITY = YES_AGGRESSIVE;
				CLANG_WARN_UNREACHABLE_CODE = YES;
				CLANG_WARN__DUPLICATE_METHOD_MATCH = YES;
				CODE_SIGN_IDENTITY = "Apple Development: baytimurogulcan@gmail.com (WM995FVZ2L)";
				CODE_SIGN_STYLE = Manual;
				COPY_PHASE_STRIP = NO;
				DEBUG_INFORMATION_FORMAT = "dwarf-with-dsym";
				DEVELOPMENT_TEAM = S5ZBBP3832;
				ENABLE_APP_SANDBOX = YES;
				ENABLE_NS_ASSERTIONS = NO;
				ENABLE_STRICT_OBJC_MSGSEND = YES;
				ENABLE_USER_SCRIPT_SANDBOXING = YES;
				GCC_C_LANGUAGE_STANDARD = gnu11;
				GCC_NO_COMMON_BLOCKS = YES;
				GCC_WARN_64_TO_32_BIT_CONVERSION = YES;
				GCC_WARN_ABOUT_RETURN_TYPE = YES_ERROR;
				GCC_WARN_UNDECLARED_SELECTOR = YES;
				GCC_WARN_UNINITIALIZED_AUTOS = YES_AGGRESSIVE;
				GCC_WARN_UNUSED_FUNCTION = YES;
				GCC_WARN_UNUSED_VARIABLE = YES;
				IPHONEOS_DEPLOYMENT_TARGET = 16.1;
				MTL_ENABLE_DEBUG_INFO = NO;
				MTL_FAST_MATH = YES;
				SDKROOT = iphoneos;
				SWIFT_COMPILATION_MODE = wholemodule;
				SWIFT_OPTIMIZATION_LEVEL = "-O";
				VALIDATE_PRODUCT = YES;
			};
			name = Release;
		};
		AAAE802B294793AB0099DABC /* Debug */ = {
			isa = XCBuildConfiguration;
			baseConfigurationReference = AAAE8030294795050099DABC /* SampleCode.xcconfig */;
			buildSettings = {
				ASSETCATALOG_COMPILER_APPICON_NAME = AppIcon;
				ASSETCATALOG_COMPILER_GLOBAL_ACCENT_COLOR_NAME = AccentColor;
				CODE_SIGN_ENTITLEMENTS = Scrumdinger.entitlements;
				CODE_SIGN_IDENTITY = "Apple Development: baytimurogulcan@gmail.com (WM995FVZ2L)";
				CODE_SIGN_STYLE = Automatic;
				CURRENT_PROJECT_VERSION = 1;
				DEVELOPMENT_ASSET_PATHS = "\"Scrumdinger/Preview Content\"";
				DEVELOPMENT_TEAM = S5ZBBP3832;
				ENABLE_APP_SANDBOX = YES;
				ENABLE_PREVIEWS = YES;
				GENERATE_INFOPLIST_FILE = YES;
				INFOPLIST_KEY_UIApplicationSceneManifest_Generation = YES;
				INFOPLIST_KEY_UIApplicationSupportsIndirectInputEvents = YES;
				INFOPLIST_KEY_UILaunchScreen_Generation = YES;
				INFOPLIST_KEY_UISupportedInterfaceOrientations_iPad = "UIInterfaceOrientationPortrait UIInterfaceOrientationPortraitUpsideDown UIInterfaceOrientationLandscapeLeft UIInterfaceOrientationLandscapeRight";
				INFOPLIST_KEY_UISupportedInterfaceOrientations_iPhone = "UIInterfaceOrientationPortrait UIInterfaceOrientationLandscapeLeft UIInterfaceOrientationLandscapeRight";
				LD_RUNPATH_SEARCH_PATHS = (
					"$(inherited)",
					"@executable_path/Frameworks",
				);
				MARKETING_VERSION = 1.0;
				PRODUCT_BUNDLE_IDENTIFIER = "com.example.apple-samplecode.Scrumdinger";
				PRODUCT_NAME = "$(TARGET_NAME)";
				PROVISIONING_PROFILE_SPECIFIER = "";
				SWIFT_EMIT_LOC_STRINGS = YES;
				SWIFT_VERSION = 5.0;
				TARGETED_DEVICE_FAMILY = "1,2";
			};
			name = Debug;
		};
		AAAE802C294793AB0099DABC /* Release */ = {
			isa = XCBuildConfiguration;
			baseConfigurationReference = AAAE8030294795050099DABC /* SampleCode.xcconfig */;
			buildSettings = {
				ASSETCATALOG_COMPILER_APPICON_NAME = AppIcon;
				ASSETCATALOG_COMPILER_GLOBAL_ACCENT_COLOR_NAME = AccentColor;
				CODE_SIGN_ENTITLEMENTS = Scrumdinger.entitlements;
				CODE_SIGN_IDENTITY = "Apple Development: baytimurogulcan@gmail.com (WM995FVZ2L)";
				CODE_SIGN_STYLE = Automatic;
				CURRENT_PROJECT_VERSION = 1;
				DEVELOPMENT_ASSET_PATHS = "\"Scrumdinger/Preview Content\"";
				DEVELOPMENT_TEAM = S5ZBBP3832;
				ENABLE_APP_SANDBOX = YES;
				ENABLE_PREVIEWS = YES;
				GENERATE_INFOPLIST_FILE = YES;
				INFOPLIST_KEY_UIApplicationSceneManifest_Generation = YES;
				INFOPLIST_KEY_UIApplicationSupportsIndirectInputEvents = YES;
				INFOPLIST_KEY_UILaunchScreen_Generation = YES;
				INFOPLIST_KEY_UISupportedInterfaceOrientations_iPad = "UIInterfaceOrientationPortrait UIInterfaceOrientationPortraitUpsideDown UIInterfaceOrientationLandscapeLeft UIInterfaceOrientationLandscapeRight";
				INFOPLIST_KEY_UISupportedInterfaceOrientations_iPhone = "UIInterfaceOrientationPortrait UIInterfaceOrientationLandscapeLeft UIInterfaceOrientationLandscapeRight";
				LD_RUNPATH_SEARCH_PATHS = (
					"$(inherited)",
					"@executable_path/Frameworks",
				);
				MARKETING_VERSION = 1.0;
				PRODUCT_BUNDLE_IDENTIFIER = "com.example.apple-samplecode.Scrumdinger";
				PRODUCT_NAME = "$(TARGET_NAME)";
				PROVISIONING_PROFILE_SPECIFIER = "";
				SWIFT_EMIT_LOC_STRINGS = YES;
				SWIFT_VERSION = 5.0;
				TARGETED_DEVICE_FAMILY = "1,2";
			};
			name = Release;
		};
/* End XCBuildConfiguration section */

/* Begin XCConfigurationList section */
		AAAE8017294793AB0099DABC /* Build configuration list for PBXProject "Scrumdinger" */ = {
			isa = XCConfigurationList;
			buildConfigurations = (
				AAAE8028294793AB0099DABC /* Debug */,
				AAAE8029294793AB0099DABC /* Release */,
			);
			defaultConfigurationIsVisible = 0;
			defaultConfigurationName = Release;
		};
		AAAE802A294793AB0099DABC /* Build configuration list for PBXNativeTarget "Scrumdinger" */ = {
			isa = XCConfigurationList;
			buildConfigurations = (
				AAAE802B294793AB0099DABC /* Debug */,
				AAAE802C294793AB0099DABC /* Release */,
			);
			defaultConfigurationIsVisible = 0;
			defaultConfigurationName = Release;
		};
/* End XCConfigurationList section */
	};
	rootObject = AAAE8014294793AB0099DABC /* Project object */;
}
